
Microsoft Visual Studio Solution File, Format Version 12.00
# Visual Studio 15
VisualStudioVersion = 15.0.27004.2005
MinimumVisualStudioVersion = 10.0.40219.1
Project("{FAE04EC0-301F-11D3-BF4B-00C04F79EFBC}") = "MyClothesShop", "MyClothesShop\MyClothesShop.csproj", "{20A53A84-468A-479D-8326-222C7AB5C32E}"
EndProject
Global
	GlobalSection(SolutionConfigurationPlatforms) = preSolution
		Debug|Any CPU = Debug|Any CPU
		Release|Any CPU = Release|Any CPU
	EndGlobalSection
	GlobalSection(ProjectConfigurationPlatforms) = postSolution
		{20A53A84-468A-479D-8326-222C7AB5C32E}.Debug|Any CPU.ActiveCfg = Debug|Any CPU
		{20A53A84-468A-479D-8326-222C7AB5C32E}.Debug|Any CPU.Build.0 = Debug|Any CPU
		{20A53A84-468A-479D-8326-222C7AB5C32E}.Release|Any CPU.ActiveCfg = Release|Any CPU
		{20A53A84-468A-479D-8326-222C7AB5C32E}.Release|Any CPU.Build.0 = Release|Any CPU
	EndGlobalSection
	GlobalSection(SolutionProperties) = preSolution
		HideSolutionNode = FALSE
	EndGlobalSection
	GlobalSection(ExtensibilityGlobals) = postSolution
		SolutionGuid = {885333DE-7593-4923-8A4A-2C33B2112DA2}
	EndGlobalSection
EndGlobal
